
Microsoft Visual Studio Solution File, Format Version 12.00
# Visual Studio Version 16
VisualStudioVersion = 16.0.30320.27
MinimumVisualStudioVersion = 10.0.40219.1
Project("{FAE04EC0-301F-11D3-BF4B-00C04F79EFBC}") = "DayPlan", "DayPlan.csproj", "{C9C3545D-2A28-4768-AF3B-BF47DB70BFA8}"
EndProject
Global
	GlobalSection(SolutionConfigurationPlatforms) = preSolution
		Debug|Any CPU = Debug|Any CPU
		Release|Any CPU = Release|Any CPU
	EndGlobalSection
	GlobalSection(ProjectConfigurationPlatforms) = postSolution
		{C9C3545D-2A28-4768-AF3B-BF47DB70BFA8}.Debug|Any CPU.ActiveCfg = Debug|Any CPU
		{C9C3545D-2A28-4768-AF3B-BF47DB70BFA8}.Debug|Any CPU.Build.0 = Debug|Any CPU
		{C9C3545D-2A28-4768-AF3B-BF47DB70BFA8}.Release|Any CPU.ActiveCfg = Release|Any CPU
		{C9C3545D-2A28-4768-AF3B-BF47DB70BFA8}.Release|Any CPU.Build.0 = Release|Any CPU
	EndGlobalSection
	GlobalSection(SolutionProperties) = preSolution
		HideSolutionNode = FALSE
	EndGlobalSection
	GlobalSection(ExtensibilityGlobals) = postSolution
		SolutionGuid = {D378E6B5-7BF5-402D-A69D-F5137BD8D7C6}
	EndGlobalSection
EndGlobal
